// !$*UTF8*$!
{
	archiveVersion = 1;
	classes = {
	};
	objectVersion = 46;
	objects = {

/* Begin PBXAggregateTarget section */
		04A6FAE624E4F0F4006C72F0 /* CodeCheck */ = {
			isa = PBXAggregateTarget;
			buildConfigurationList = 04A6FAE924E4F0F5006C72F0 /* Build configuration list for PBXAggregateTarget "CodeCheck" */;
			buildPhases = (
				04A6FAEA24E4F0FB006C72F0 /* ShellScript */,
			);
			dependencies = (
			);
			name = CodeCheck;
			productName = CodeCheck;
		};
		04A6FAEB24E50EE0006C72F0 /* CodeFormat */ = {
			isa = PBXAggregateTarget;
			buildConfigurationList = 04A6FAEC24E50EE0006C72F0 /* Build configuration list for PBXAggregateTarget "CodeFormat" */;
			buildPhases = (
				04A6FAEF24E50EE5006C72F0 /* ShellScript */,
			);
			dependencies = (
			);
			name = CodeFormat;
			productName = CodeFormat;
		};
/* End PBXAggregateTarget section */

/* Begin PBXBuildFile section */
		04F675662628293800077374 /* AdSupport.framework in Frameworks */ = {isa = PBXBuildFile; fileRef = 04F675652628293800077374 /* AdSupport.framework */; };
		2E7F36F30DD2A18CB56D7607 /* Pods_Example.framework in Frameworks */ = {isa = PBXBuildFile; fileRef = 35A5AD96C3ED4797EECD753A /* Pods_Example.framework */; };
		34083CFC2914F7DB00052FBE /* UICatalogTests.storyboard in Resources */ = {isa = PBXBuildFile; fileRef = 34083C762914F7D500052FBE /* UICatalogTests.storyboard */; };
		34083CFD2914F7DB00052FBE /* MeasurementProtocol.storyboard in Resources */ = {isa = PBXBuildFile; fileRef = 34083C772914F7D500052FBE /* MeasurementProtocol.storyboard */; };
		34083CFE2914F7DB00052FBE /* Others.storyboard in Resources */ = {isa = PBXBuildFile; fileRef = 34083C782914F7D500052FBE /* Others.storyboard */; };
		34083CFF2914F7DB00052FBE /* GIOCollectionViewController.m in Sources */ = {isa = PBXBuildFile; fileRef = 34083C7B2914F7D500052FBE /* GIOCollectionViewController.m */; };
		34083D002914F7DB00052FBE /* GIOCollectionViewCell.m in Sources */ = {isa = PBXBuildFile; fileRef = 34083C7D2914F7D500052FBE /* GIOCollectionViewCell.m */; };
		34083D012914F7DB00052FBE /* GIOCollectionViewCell.xib in Resources */ = {isa = PBXBuildFile; fileRef = 34083C7E2914F7D500052FBE /* GIOCollectionViewCell.xib */; };
		34083D022914F7DB00052FBE /* GIOTextFieldViewController.m in Sources */ = {isa = PBXBuildFile; fileRef = 34083C822914F7D500052FBE /* GIOTextFieldViewController.m */; };
		34083D032914F7DB00052FBE /* GIOUICategoryViewController.m in Sources */ = {isa = PBXBuildFile; fileRef = 34083C842914F7D500052FBE /* GIOUICategoryViewController.m */; };
		34083D042914F7DB00052FBE /* GIOButtonViewController.m in Sources */ = {isa = PBXBuildFile; fileRef = 34083C872914F7D500052FBE /* GIOButtonViewController.m */; };
		34083D052914F7DB00052FBE /* GIOActionSheetViewController.m in Sources */ = {isa = PBXBuildFile; fileRef = 34083C8A2914F7D500052FBE /* GIOActionSheetViewController.m */; };
		34083D062914F7DB00052FBE /* GIOSimpleUIElemtsViewController.m in Sources */ = {isa = PBXBuildFile; fileRef = 34083C8D2914F7D500052FBE /* GIOSimpleUIElemtsViewController.m */; };
		34083D072914F7DB00052FBE /* GIOPresentViewController.m in Sources */ = {isa = PBXBuildFile; fileRef = 34083C902914F7D500052FBE /* GIOPresentViewController.m */; };
		34083D082914F7DB00052FBE /* GIOMultiViewController.m in Sources */ = {isa = PBXBuildFile; fileRef = 34083C952914F7D500052FBE /* GIOMultiViewController.m */; };
		34083D092914F7DB00052FBE /* GIOPageStructureViewController.m in Sources */ = {isa = PBXBuildFile; fileRef = 34083C972914F7D500052FBE /* GIOPageStructureViewController.m */; };
		34083D0A2914F7DB00052FBE /* GIOChildsAddViewController.m in Sources */ = {isa = PBXBuildFile; fileRef = 34083C982914F7D500052FBE /* GIOChildsAddViewController.m */; };
		34083D0B2914F7DB00052FBE /* GIOBaseViewController.m in Sources */ = {isa = PBXBuildFile; fileRef = 34083C9A2914F7D500052FBE /* GIOBaseViewController.m */; };
		34083D0C2914F7DB00052FBE /* GIOPagingViewController.m in Sources */ = {isa = PBXBuildFile; fileRef = 34083C9B2914F7D500052FBE /* GIOPagingViewController.m */; };
		34083D0D2914F7DB00052FBE /* GIOPageStructure.storyboard in Resources */ = {isa = PBXBuildFile; fileRef = 34083C9C2914F7D500052FBE /* GIOPageStructure.storyboard */; };
		34083D0E2914F7DB00052FBE /* GIOLabelAttributeViewController.m in Sources */ = {isa = PBXBuildFile; fileRef = 34083C9E2914F7D500052FBE /* GIOLabelAttributeViewController.m */; };
		34083D0F2914F7DB00052FBE /* GIOBannerAndTableViewController.m in Sources */ = {isa = PBXBuildFile; fileRef = 34083CA22914F7D500052FBE /* GIOBannerAndTableViewController.m */; };
		34083D102914F7DB00052FBE /* GIOFoodTableViewCell.m in Sources */ = {isa = PBXBuildFile; fileRef = 34083CA42914F7D500052FBE /* GIOFoodTableViewCell.m */; };
		34083D112914F7DB00052FBE /* GIOFoodTableViewCell.xib in Resources */ = {isa = PBXBuildFile; fileRef = 34083CA72914F7D500052FBE /* GIOFoodTableViewCell.xib */; };
		34083D122914F7DB00052FBE /* GIOListTableViewCell.m in Sources */ = {isa = PBXBuildFile; fileRef = 34083CA82914F7D500052FBE /* GIOListTableViewCell.m */; };
		34083D132914F7DB00052FBE /* GIOListTableViewCell.xib in Resources */ = {isa = PBXBuildFile; fileRef = 34083CA92914F7D500052FBE /* GIOListTableViewCell.xib */; };
		34083D142914F7DB00052FBE /* GIODefaultWebViewController.m in Sources */ = {isa = PBXBuildFile; fileRef = 34083CAB2914F7D500052FBE /* GIODefaultWebViewController.m */; };
		34083D152914F7DB00052FBE /* GIOH5BrowserViewController.m in Sources */ = {isa = PBXBuildFile; fileRef = 34083CAE2914F7D600052FBE /* GIOH5BrowserViewController.m */; };
		34083D162914F7DB00052FBE /* testweb copy.html in Resources */ = {isa = PBXBuildFile; fileRef = 34083CB02914F7D600052FBE /* testweb copy.html */; };
		34083D172914F7DB00052FBE /* GIOHybridViewController.m in Sources */ = {isa = PBXBuildFile; fileRef = 34083CB12914F7D600052FBE /* GIOHybridViewController.m */; };
		34083D182914F7DB00052FBE /* gio_hybrideventtest.html in Resources */ = {isa = PBXBuildFile; fileRef = 34083CB32914F7D600052FBE /* gio_hybrideventtest.html */; };
		34083D1B2914F7DB00052FBE /* AppDelegate.m in Sources */ = {isa = PBXBuildFile; fileRef = 34083CBA2914F7D700052FBE /* AppDelegate.m */; };
		34083D1C2914F7DB00052FBE /* Assets.xcassets in Resources */ = {isa = PBXBuildFile; fileRef = 34083CBB2914F7D700052FBE /* Assets.xcassets */; };
		34083D1E2914F7DB00052FBE /* GIODataProcessOperation.m in Sources */ = {isa = PBXBuildFile; fileRef = 34083CBF2914F7D800052FBE /* GIODataProcessOperation.m */; };
		34083D1F2914F7DB00052FBE /* UIColor+Hex.m in Sources */ = {isa = PBXBuildFile; fileRef = 34083CC12914F7D800052FBE /* UIColor+Hex.m */; };
		34083D202914F7DB00052FBE /* GIOConstants.m in Sources */ = {isa = PBXBuildFile; fileRef = 34083CC52914F7D800052FBE /* GIOConstants.m */; };
		34083D212914F7DB00052FBE /* GIOScanViewController.m in Sources */ = {isa = PBXBuildFile; fileRef = 34083CC62914F7D800052FBE /* GIOScanViewController.m */; };
		34083D252914F7DB00052FBE /* main.m in Sources */ = {isa = PBXBuildFile; fileRef = 34083CCE2914F7DA00052FBE /* main.m */; };
		34083D262914F7DB00052FBE /* GIOVisitEventViewController.m in Sources */ = {isa = PBXBuildFile; fileRef = 34083CD32914F7DA00052FBE /* GIOVisitEventViewController.m */; };
		34083D272914F7DB00052FBE /* GIOMeasurementProtocolTableViewController.m in Sources */ = {isa = PBXBuildFile; fileRef = 34083CD42914F7DA00052FBE /* GIOMeasurementProtocolTableViewController.m */; };
		34083D282914F7DB00052FBE /* GIOPageAttributesEventViewController.m in Sources */ = {isa = PBXBuildFile; fileRef = 34083CD72914F7DA00052FBE /* GIOPageAttributesEventViewController.m */; };
		34083D292914F7DB00052FBE /* GIOUserIdViewController.m in Sources */ = {isa = PBXBuildFile; fileRef = 34083CD92914F7DA00052FBE /* GIOUserIdViewController.m */; };
		34083D2A2914F7DB00052FBE /* GIOClickEventViewController.m in Sources */ = {isa = PBXBuildFile; fileRef = 34083CDD2914F7DA00052FBE /* GIOClickEventViewController.m */; };
		34083D2B2914F7DB00052FBE /* GIOTrackTimerEventViewController.m in Sources */ = {isa = PBXBuildFile; fileRef = 34083CDF2914F7DA00052FBE /* GIOTrackTimerEventViewController.m */; };
		34083D2C2914F7DB00052FBE /* GIOTrackTimerTableViewCell.m in Sources */ = {isa = PBXBuildFile; fileRef = 34083CE32914F7DA00052FBE /* GIOTrackTimerTableViewCell.m */; };
		34083D2D2914F7DB00052FBE /* GIOInputChangeEventViewController.m in Sources */ = {isa = PBXBuildFile; fileRef = 34083CE72914F7DA00052FBE /* GIOInputChangeEventViewController.m */; };
		34083D2E2914F7DB00052FBE /* GIOCustomEventViewController.m in Sources */ = {isa = PBXBuildFile; fileRef = 34083CE92914F7DA00052FBE /* GIOCustomEventViewController.m */; };
		34083D2F2914F7DB00052FBE /* GIOKeyValueCell.xib in Resources */ = {isa = PBXBuildFile; fileRef = 34083CED2914F7DA00052FBE /* GIOKeyValueCell.xib */; };
		34083D302914F7DB00052FBE /* GIOKeyValueCell.m in Sources */ = {isa = PBXBuildFile; fileRef = 34083CEF2914F7DA00052FBE /* GIOKeyValueCell.m */; };
		34083D312914F7DB00052FBE /* GIOAttributesTrackViewController.m in Sources */ = {isa = PBXBuildFile; fileRef = 34083CF22914F7DA00052FBE /* GIOAttributesTrackViewController.m */; };
		34083D322914F7DB00052FBE /* GIOSecondViewController.m in Sources */ = {isa = PBXBuildFile; fileRef = 34083CF62914F7DA00052FBE /* GIOSecondViewController.m */; };
		34083D332914F7DB00052FBE /* GIOPageEventViewController.m in Sources */ = {isa = PBXBuildFile; fileRef = 34083CF72914F7DA00052FBE /* GIOPageEventViewController.m */; };
		34083D342914F7DB00052FBE /* GIOFirstViewController.m in Sources */ = {isa = PBXBuildFile; fileRef = 34083CF82914F7DA00052FBE /* GIOFirstViewController.m */; };
		34083D352914F7DB00052FBE /* GIOContainerViewController.m in Sources */ = {isa = PBXBuildFile; fileRef = 34083CF92914F7DA00052FBE /* GIOContainerViewController.m */; };
		34083D3A2914F86900052FBE /* LaunchScreen.storyboard in Resources */ = {isa = PBXBuildFile; fileRef = 34083D362914F86900052FBE /* LaunchScreen.storyboard */; };
		34083D3B2914F86900052FBE /* Main.storyboard in Resources */ = {isa = PBXBuildFile; fileRef = 34083D382914F86900052FBE /* Main.storyboard */; };
		3432E695276B36FB009A53D9 /* iAd.framework in Frameworks */ = {isa = PBXBuildFile; fileRef = 3432E694276B36FA009A53D9 /* iAd.framework */; };
		3432E697276B3722009A53D9 /* AdServices.framework in Frameworks */ = {isa = PBXBuildFile; fileRef = 3432E696276B3722009A53D9 /* AdServices.framework */; settings = {ATTRIBUTES = (Weak, ); }; };
		491D2D8D2500E2D9001CB289 /* MapKit.framework in Frameworks */ = {isa = PBXBuildFile; fileRef = 491D2D8C2500E2D9001CB289 /* MapKit.framework */; };
		6003F58E195388D20070C39A /* Foundation.framework in Frameworks */ = {isa = PBXBuildFile; fileRef = 6003F58D195388D20070C39A /* Foundation.framework */; };
		6003F590195388D20070C39A /* CoreGraphics.framework in Frameworks */ = {isa = PBXBuildFile; fileRef = 6003F58F195388D20070C39A /* CoreGraphics.framework */; };
		6003F592195388D20070C39A /* UIKit.framework in Frameworks */ = {isa = PBXBuildFile; fileRef = 6003F591195388D20070C39A /* UIKit.framework */; };
/* End PBXBuildFile section */

/* Begin PBXFileReference section */
		04F675652628293800077374 /* AdSupport.framework */ = {isa = PBXFileReference; lastKnownFileType = wrapper.framework; name = AdSupport.framework; path = System/Library/Frameworks/AdSupport.framework; sourceTree = SDKROOT; };
		0AE64DF01D49EA6723D65481 /* Pods-Example.debug.xcconfig */ = {isa = PBXFileReference; includeInIndex = 1; lastKnownFileType = text.xcconfig; name = "Pods-Example.debug.xcconfig"; path = "../../Pods/Target Support Files/Pods-Example/Pods-Example.debug.xcconfig"; sourceTree = "<group>"; };
		34083C762914F7D500052FBE /* UICatalogTests.storyboard */ = {isa = PBXFileReference; fileEncoding = 4; lastKnownFileType = file.storyboard; path = UICatalogTests.storyboard; sourceTree = "<group>"; };
		34083C772914F7D500052FBE /* MeasurementProtocol.storyboard */ = {isa = PBXFileReference; fileEncoding = 4; lastKnownFileType = file.storyboard; path = MeasurementProtocol.storyboard; sourceTree = "<group>"; };
		34083C782914F7D500052FBE /* Others.storyboard */ = {isa = PBXFileReference; fileEncoding = 4; lastKnownFileType = file.storyboard; path = Others.storyboard; sourceTree = "<group>"; };
		34083C7B2914F7D500052FBE /* GIOCollectionViewController.m */ = {isa = PBXFileReference; fileEncoding = 4; lastKnownFileType = sourcecode.c.objc; path = GIOCollectionViewController.m; sourceTree = "<group>"; };
		34083C7D2914F7D500052FBE /* GIOCollectionViewCell.m */ = {isa = PBXFileReference; fileEncoding = 4; lastKnownFileType = sourcecode.c.objc; path = GIOCollectionViewCell.m; sourceTree = "<group>"; };
		34083C7E2914F7D500052FBE /* GIOCollectionViewCell.xib */ = {isa = PBXFileReference; fileEncoding = 4; lastKnownFileType = file.xib; path = GIOCollectionViewCell.xib; sourceTree = "<group>"; };
		34083C7F2914F7D500052FBE /* GIOCollectionViewCell.h */ = {isa = PBXFileReference; fileEncoding = 4; lastKnownFileType = sourcecode.c.h; path = GIOCollectionViewCell.h; sourceTree = "<group>"; };
		34083C802914F7D500052FBE /* GIOCollectionViewController.h */ = {isa = PBXFileReference; fileEncoding = 4; lastKnownFileType = sourcecode.c.h; path = GIOCollectionViewController.h; sourceTree = "<group>"; };
		34083C822914F7D500052FBE /* GIOTextFieldViewController.m */ = {isa = PBXFileReference; fileEncoding = 4; lastKnownFileType = sourcecode.c.objc; path = GIOTextFieldViewController.m; sourceTree = "<group>"; };
		34083C832914F7D500052FBE /* GIOTextFieldViewController.h */ = {isa = PBXFileReference; fileEncoding = 4; lastKnownFileType = sourcecode.c.h; path = GIOTextFieldViewController.h; sourceTree = "<group>"; };
		34083C842914F7D500052FBE /* GIOUICategoryViewController.m */ = {isa = PBXFileReference; fileEncoding = 4; lastKnownFileType = sourcecode.c.objc; path = GIOUICategoryViewController.m; sourceTree = "<group>"; };
		34083C862914F7D500052FBE /* GIOButtonViewController.h */ = {isa = PBXFileReference; fileEncoding = 4; lastKnownFileType = sourcecode.c.h; path = GIOButtonViewController.h; sourceTree = "<group>"; };
		34083C872914F7D500052FBE /* GIOButtonViewController.m */ = {isa = PBXFileReference; fileEncoding = 4; lastKnownFileType = sourcecode.c.objc; path = GIOButtonViewController.m; sourceTree = "<group>"; };
		34083C882914F7D500052FBE /* GIOUICategoryViewController.h */ = {isa = PBXFileReference; fileEncoding = 4; lastKnownFileType = sourcecode.c.h; path = GIOUICategoryViewController.h; sourceTree = "<group>"; };
		34083C8A2914F7D500052FBE /* GIOActionSheetViewController.m */ = {isa = PBXFileReference; fileEncoding = 4; lastKnownFileType = sourcecode.c.objc; path = GIOActionSheetViewController.m; sourceTree = "<group>"; };
		34083C8B2914F7D500052FBE /* GIOActionSheetViewController.h */ = {isa = PBXFileReference; fileEncoding = 4; lastKnownFileType = sourcecode.c.h; path = GIOActionSheetViewController.h; sourceTree = "<group>"; };
		34083C8D2914F7D500052FBE /* GIOSimpleUIElemtsViewController.m */ = {isa = PBXFileReference; fileEncoding = 4; lastKnownFileType = sourcecode.c.objc; path = GIOSimpleUIElemtsViewController.m; sourceTree = "<group>"; };
		34083C8E2914F7D500052FBE /* GIOSimpleUIElemtsViewController.h */ = {isa = PBXFileReference; fileEncoding = 4; lastKnownFileType = sourcecode.c.h; path = GIOSimpleUIElemtsViewController.h; sourceTree = "<group>"; };
		34083C902914F7D500052FBE /* GIOPresentViewController.m */ = {isa = PBXFileReference; fileEncoding = 4; lastKnownFileType = sourcecode.c.objc; path = GIOPresentViewController.m; sourceTree = "<group>"; };
		34083C912914F7D500052FBE /* GIOPageStructureViewController.h */ = {isa = PBXFileReference; fileEncoding = 4; lastKnownFileType = sourcecode.c.h; path = GIOPageStructureViewController.h; sourceTree = "<group>"; };
		34083C922914F7D500052FBE /* GIOChildsAddViewController.h */ = {isa = PBXFileReference; fileEncoding = 4; lastKnownFileType = sourcecode.c.h; path = GIOChildsAddViewController.h; sourceTree = "<group>"; };
		34083C932914F7D500052FBE /* GIOPagingViewController.h */ = {isa = PBXFileReference; fileEncoding = 4; lastKnownFileType = sourcecode.c.h; path = GIOPagingViewController.h; sourceTree = "<group>"; };
		34083C942914F7D500052FBE /* GIOBaseViewController.h */ = {isa = PBXFileReference; fileEncoding = 4; lastKnownFileType = sourcecode.c.h; path = GIOBaseViewController.h; sourceTree = "<group>"; };
		34083C952914F7D500052FBE /* GIOMultiViewController.m */ = {isa = PBXFileReference; fileEncoding = 4; lastKnownFileType = sourcecode.c.objc; path = GIOMultiViewController.m; sourceTree = "<group>"; };
		34083C962914F7D500052FBE /* GIOPresentViewController.h */ = {isa = PBXFileReference; fileEncoding = 4; lastKnownFileType = sourcecode.c.h; path = GIOPresentViewController.h; sourceTree = "<group>"; };
		34083C972914F7D500052FBE /* GIOPageStructureViewController.m */ = {isa = PBXFileReference; fileEncoding = 4; lastKnownFileType = sourcecode.c.objc; path = GIOPageStructureViewController.m; sourceTree = "<group>"; };
		34083C982914F7D500052FBE /* GIOChildsAddViewController.m */ = {isa = PBXFileReference; fileEncoding = 4; lastKnownFileType = sourcecode.c.objc; path = GIOChildsAddViewController.m; sourceTree = "<group>"; };
		34083C992914F7D500052FBE /* GIOMultiViewController.h */ = {isa = PBXFileReference; fileEncoding = 4; lastKnownFileType = sourcecode.c.h; path = GIOMultiViewController.h; sourceTree = "<group>"; };
		34083C9A2914F7D500052FBE /* GIOBaseViewController.m */ = {isa = PBXFileReference; fileEncoding = 4; lastKnownFileType = sourcecode.c.objc; path = GIOBaseViewController.m; sourceTree = "<group>"; };
		34083C9B2914F7D500052FBE /* GIOPagingViewController.m */ = {isa = PBXFileReference; fileEncoding = 4; lastKnownFileType = sourcecode.c.objc; path = GIOPagingViewController.m; sourceTree = "<group>"; };
		34083C9C2914F7D500052FBE /* GIOPageStructure.storyboard */ = {isa = PBXFileReference; fileEncoding = 4; lastKnownFileType = file.storyboard; path = GIOPageStructure.storyboard; sourceTree = "<group>"; };
		34083C9E2914F7D500052FBE /* GIOLabelAttributeViewController.m */ = {isa = PBXFileReference; fileEncoding = 4; lastKnownFileType = sourcecode.c.objc; path = GIOLabelAttributeViewController.m; sourceTree = "<group>"; };
		34083C9F2914F7D500052FBE /* GIOLabelAttributeViewController.h */ = {isa = PBXFileReference; fileEncoding = 4; lastKnownFileType = sourcecode.c.h; path = GIOLabelAttributeViewController.h; sourceTree = "<group>"; };
		34083CA12914F7D500052FBE /* GIOBannerAndTableViewController.h */ = {isa = PBXFileReference; fileEncoding = 4; lastKnownFileType = sourcecode.c.h; path = GIOBannerAndTableViewController.h; sourceTree = "<group>"; };
		34083CA22914F7D500052FBE /* GIOBannerAndTableViewController.m */ = {isa = PBXFileReference; fileEncoding = 4; lastKnownFileType = sourcecode.c.objc; path = GIOBannerAndTableViewController.m; sourceTree = "<group>"; };
		34083CA42914F7D500052FBE /* GIOFoodTableViewCell.m */ = {isa = PBXFileReference; fileEncoding = 4; lastKnownFileType = sourcecode.c.objc; path = GIOFoodTableViewCell.m; sourceTree = "<group>"; };
		34083CA52914F7D500052FBE /* GIOListTableViewCell.h */ = {isa = PBXFileReference; fileEncoding = 4; lastKnownFileType = sourcecode.c.h; path = GIOListTableViewCell.h; sourceTree = "<group>"; };
		34083CA62914F7D500052FBE /* GIOFoodTableViewCell.h */ = {isa = PBXFileReference; fileEncoding = 4; lastKnownFileType = sourcecode.c.h; path = GIOFoodTableViewCell.h; sourceTree = "<group>"; };
		34083CA72914F7D500052FBE /* GIOFoodTableViewCell.xib */ = {isa = PBXFileReference; fileEncoding = 4; lastKnownFileType = file.xib; path = GIOFoodTableViewCell.xib; sourceTree = "<group>"; };
		34083CA82914F7D500052FBE /* GIOListTableViewCell.m */ = {isa = PBXFileReference; fileEncoding = 4; lastKnownFileType = sourcecode.c.objc; path = GIOListTableViewCell.m; sourceTree = "<group>"; };
		34083CA92914F7D500052FBE /* GIOListTableViewCell.xib */ = {isa = PBXFileReference; fileEncoding = 4; lastKnownFileType = file.xib; path = GIOListTableViewCell.xib; sourceTree = "<group>"; };
		34083CAB2914F7D500052FBE /* GIODefaultWebViewController.m */ = {isa = PBXFileReference; fileEncoding = 4; lastKnownFileType = sourcecode.c.objc; path = GIODefaultWebViewController.m; sourceTree = "<group>"; };
		34083CAC2914F7D500052FBE /* GIOH5BrowserViewController.h */ = {isa = PBXFileReference; fileEncoding = 4; lastKnownFileType = sourcecode.c.h; path = GIOH5BrowserViewController.h; sourceTree = "<group>"; };
		34083CAD2914F7D600052FBE /* GIODefaultWebViewController.h */ = {isa = PBXFileReference; fileEncoding = 4; lastKnownFileType = sourcecode.c.h; path = GIODefaultWebViewController.h; sourceTree = "<group>"; };
		34083CAE2914F7D600052FBE /* GIOH5BrowserViewController.m */ = {isa = PBXFileReference; fileEncoding = 4; lastKnownFileType = sourcecode.c.objc; path = GIOH5BrowserViewController.m; sourceTree = "<group>"; };
		34083CB02914F7D600052FBE /* testweb copy.html */ = {isa = PBXFileReference; fileEncoding = 4; lastKnownFileType = text.html; path = "testweb copy.html"; sourceTree = "<group>"; };
		34083CB12914F7D600052FBE /* GIOHybridViewController.m */ = {isa = PBXFileReference; fileEncoding = 4; lastKnownFileType = sourcecode.c.objc; path = GIOHybridViewController.m; sourceTree = "<group>"; };
		34083CB22914F7D600052FBE /* GIOHybridViewController.h */ = {isa = PBXFileReference; fileEncoding = 4; lastKnownFileType = sourcecode.c.h; path = GIOHybridViewController.h; sourceTree = "<group>"; };
		34083CB32914F7D600052FBE /* gio_hybrideventtest.html */ = {isa = PBXFileReference; fileEncoding = 4; lastKnownFileType = text.html; path = gio_hybrideventtest.html; sourceTree = "<group>"; };
		34083CBA2914F7D700052FBE /* AppDelegate.m */ = {isa = PBXFileReference; fileEncoding = 4; lastKnownFileType = sourcecode.c.objc; path = AppDelegate.m; sourceTree = "<group>"; };
		34083CBB2914F7D700052FBE /* Assets.xcassets */ = {isa = PBXFileReference; lastKnownFileType = folder.assetcatalog; path = Assets.xcassets; sourceTree = "<group>"; };
		34083CBC2914F7D800052FBE /* GrowingIO-Info.plist */ = {isa = PBXFileReference; fileEncoding = 4; lastKnownFileType = text.plist.xml; path = "GrowingIO-Info.plist"; sourceTree = "<group>"; };
		34083CBD2914F7D800052FBE /* GrowingIO-Prefix.pch */ = {isa = PBXFileReference; fileEncoding = 4; lastKnownFileType = sourcecode.c.h; path = "GrowingIO-Prefix.pch"; sourceTree = "<group>"; };
		34083CBF2914F7D800052FBE /* GIODataProcessOperation.m */ = {isa = PBXFileReference; fileEncoding = 4; lastKnownFileType = sourcecode.c.objc; path = GIODataProcessOperation.m; sourceTree = "<group>"; };
		34083CC02914F7D800052FBE /* GIOConstants.h */ = {isa = PBXFileReference; fileEncoding = 4; lastKnownFileType = sourcecode.c.h; path = GIOConstants.h; sourceTree = "<group>"; };
		34083CC12914F7D800052FBE /* UIColor+Hex.m */ = {isa = PBXFileReference; fileEncoding = 4; lastKnownFileType = sourcecode.c.objc; path = "UIColor+Hex.m"; sourceTree = "<group>"; };
		34083CC22914F7D800052FBE /* GIOScanViewController.h */ = {isa = PBXFileReference; fileEncoding = 4; lastKnownFileType = sourcecode.c.h; path = GIOScanViewController.h; sourceTree = "<group>"; };
		34083CC32914F7D800052FBE /* GIODataProcessOperation.h */ = {isa = PBXFileReference; fileEncoding = 4; lastKnownFileType = sourcecode.c.h; path = GIODataProcessOperation.h; sourceTree = "<group>"; };
		34083CC42914F7D800052FBE /* UIColor+Hex.h */ = {isa = PBXFileReference; fileEncoding = 4; lastKnownFileType = sourcecode.c.h; path = "UIColor+Hex.h"; sourceTree = "<group>"; };
		34083CC52914F7D800052FBE /* GIOConstants.m */ = {isa = PBXFileReference; fileEncoding = 4; lastKnownFileType = sourcecode.c.objc; path = GIOConstants.m; sourceTree = "<group>"; };
		34083CC62914F7D800052FBE /* GIOScanViewController.m */ = {isa = PBXFileReference; fileEncoding = 4; lastKnownFileType = sourcecode.c.objc; path = GIOScanViewController.m; sourceTree = "<group>"; };
		34083CC82914F7D900052FBE /* GIOCrashMonitorTableViewController.h */ = {isa = PBXFileReference; fileEncoding = 4; lastKnownFileType = sourcecode.c.h; path = GIOCrashMonitorTableViewController.h; sourceTree = "<group>"; };
		34083CC92914F7D900052FBE /* Crasher.h */ = {isa = PBXFileReference; fileEncoding = 4; lastKnownFileType = sourcecode.c.h; path = Crasher.h; sourceTree = "<group>"; };
		34083CCA2914F7D900052FBE /* GIOCrashMonitorTableViewController.mm */ = {isa = PBXFileReference; fileEncoding = 4; lastKnownFileType = sourcecode.cpp.objcpp; path = GIOCrashMonitorTableViewController.mm; sourceTree = "<group>"; };
		34083CCB2914F7D900052FBE /* Crasher.mm */ = {isa = PBXFileReference; fileEncoding = 4; lastKnownFileType = sourcecode.cpp.objcpp; path = Crasher.mm; sourceTree = "<group>"; };
		34083CCD2914F7D900052FBE /* Example.entitlements */ = {isa = PBXFileReference; fileEncoding = 4; lastKnownFileType = text.plist.entitlements; path = Example.entitlements; sourceTree = "<group>"; };
		34083CCE2914F7DA00052FBE /* main.m */ = {isa = PBXFileReference; fileEncoding = 4; lastKnownFileType = sourcecode.c.objc; path = main.m; sourceTree = "<group>"; };
		34083CCF2914F7DA00052FBE /* AppDelegate.h */ = {isa = PBXFileReference; fileEncoding = 4; lastKnownFileType = sourcecode.c.h; path = AppDelegate.h; sourceTree = "<group>"; };
		34083CD22914F7DA00052FBE /* GIOVisitEventViewController.h */ = {isa = PBXFileReference; fileEncoding = 4; lastKnownFileType = sourcecode.c.h; path = GIOVisitEventViewController.h; sourceTree = "<group>"; };
		34083CD32914F7DA00052FBE /* GIOVisitEventViewController.m */ = {isa = PBXFileReference; fileEncoding = 4; lastKnownFileType = sourcecode.c.objc; path = GIOVisitEventViewController.m; sourceTree = "<group>"; };
		34083CD42914F7DA00052FBE /* GIOMeasurementProtocolTableViewController.m */ = {isa = PBXFileReference; fileEncoding = 4; lastKnownFileType = sourcecode.c.objc; path = GIOMeasurementProtocolTableViewController.m; sourceTree = "<group>"; };
		34083CD62914F7DA00052FBE /* GIOPageAttributesEventViewController.h */ = {isa = PBXFileReference; fileEncoding = 4; lastKnownFileType = sourcecode.c.h; path = GIOPageAttributesEventViewController.h; sourceTree = "<group>"; };
		34083CD72914F7DA00052FBE /* GIOPageAttributesEventViewController.m */ = {isa = PBXFileReference; fileEncoding = 4; lastKnownFileType = sourcecode.c.objc; path = GIOPageAttributesEventViewController.m; sourceTree = "<group>"; };
		34083CD92914F7DA00052FBE /* GIOUserIdViewController.m */ = {isa = PBXFileReference; fileEncoding = 4; lastKnownFileType = sourcecode.c.objc; path = GIOUserIdViewController.m; sourceTree = "<group>"; };
		34083CDA2914F7DA00052FBE /* GIOUserIdViewController.h */ = {isa = PBXFileReference; fileEncoding = 4; lastKnownFileType = sourcecode.c.h; path = GIOUserIdViewController.h; sourceTree = "<group>"; };
		34083CDC2914F7DA00052FBE /* GIOClickEventViewController.h */ = {isa = PBXFileReference; fileEncoding = 4; lastKnownFileType = sourcecode.c.h; path = GIOClickEventViewController.h; sourceTree = "<group>"; };
		34083CDD2914F7DA00052FBE /* GIOClickEventViewController.m */ = {isa = PBXFileReference; fileEncoding = 4; lastKnownFileType = sourcecode.c.objc; path = GIOClickEventViewController.m; sourceTree = "<group>"; };
		34083CDF2914F7DA00052FBE /* GIOTrackTimerEventViewController.m */ = {isa = PBXFileReference; fileEncoding = 4; lastKnownFileType = sourcecode.c.objc; path = GIOTrackTimerEventViewController.m; sourceTree = "<group>"; };
		34083CE02914F7DA00052FBE /* GIOTrackTimerEventViewController.h */ = {isa = PBXFileReference; fileEncoding = 4; lastKnownFileType = sourcecode.c.h; path = GIOTrackTimerEventViewController.h; sourceTree = "<group>"; };
		34083CE22914F7DA00052FBE /* GIOTrackTimerTableViewCell.h */ = {isa = PBXFileReference; fileEncoding = 4; lastKnownFileType = sourcecode.c.h; path = GIOTrackTimerTableViewCell.h; sourceTree = "<group>"; };
		34083CE32914F7DA00052FBE /* GIOTrackTimerTableViewCell.m */ = {isa = PBXFileReference; fileEncoding = 4; lastKnownFileType = sourcecode.c.objc; path = GIOTrackTimerTableViewCell.m; sourceTree = "<group>"; };
		34083CE62914F7DA00052FBE /* GIOInputChangeEventViewController.h */ = {isa = PBXFileReference; fileEncoding = 4; lastKnownFileType = sourcecode.c.h; path = GIOInputChangeEventViewController.h; sourceTree = "<group>"; };
		34083CE72914F7DA00052FBE /* GIOInputChangeEventViewController.m */ = {isa = PBXFileReference; fileEncoding = 4; lastKnownFileType = sourcecode.c.objc; path = GIOInputChangeEventViewController.m; sourceTree = "<group>"; };
		34083CE92914F7DA00052FBE /* GIOCustomEventViewController.m */ = {isa = PBXFileReference; fileEncoding = 4; lastKnownFileType = sourcecode.c.objc; path = GIOCustomEventViewController.m; sourceTree = "<group>"; };
		34083CEA2914F7DA00052FBE /* GIOCustomEventViewController.h */ = {isa = PBXFileReference; fileEncoding = 4; lastKnownFileType = sourcecode.c.h; path = GIOCustomEventViewController.h; sourceTree = "<group>"; };
		34083CEB2914F7DA00052FBE /* GIOMeasurementProtocolTableViewController.h */ = {isa = PBXFileReference; fileEncoding = 4; lastKnownFileType = sourcecode.c.h; path = GIOMeasurementProtocolTableViewController.h; sourceTree = "<group>"; };
		34083CED2914F7DA00052FBE /* GIOKeyValueCell.xib */ = {isa = PBXFileReference; fileEncoding = 4; lastKnownFileType = file.xib; path = GIOKeyValueCell.xib; sourceTree = "<group>"; };
		34083CEE2914F7DA00052FBE /* GIOKeyValueCell.h */ = {isa = PBXFileReference; fileEncoding = 4; lastKnownFileType = sourcecode.c.h; path = GIOKeyValueCell.h; sourceTree = "<group>"; };
		34083CEF2914F7DA00052FBE /* GIOKeyValueCell.m */ = {isa = PBXFileReference; fileEncoding = 4; lastKnownFileType = sourcecode.c.objc; path = GIOKeyValueCell.m; sourceTree = "<group>"; };
		34083CF12914F7DA00052FBE /* GIOAttributesTrackViewController.h */ = {isa = PBXFileReference; fileEncoding = 4; lastKnownFileType = sourcecode.c.h; path = GIOAttributesTrackViewController.h; sourceTree = "<group>"; };
		34083CF22914F7DA00052FBE /* GIOAttributesTrackViewController.m */ = {isa = PBXFileReference; fileEncoding = 4; lastKnownFileType = sourcecode.c.objc; path = GIOAttributesTrackViewController.m; sourceTree = "<group>"; };
		34083CF42914F7DA00052FBE /* GIOFirstViewController.h */ = {isa = PBXFileReference; fileEncoding = 4; lastKnownFileType = sourcecode.c.h; path = GIOFirstViewController.h; sourceTree = "<group>"; };
		34083CF52914F7DA00052FBE /* GIOContainerViewController.h */ = {isa = PBXFileReference; fileEncoding = 4; lastKnownFileType = sourcecode.c.h; path = GIOContainerViewController.h; sourceTree = "<group>"; };
		34083CF62914F7DA00052FBE /* GIOSecondViewController.m */ = {isa = PBXFileReference; fileEncoding = 4; lastKnownFileType = sourcecode.c.objc; path = GIOSecondViewController.m; sourceTree = "<group>"; };
		34083CF72914F7DA00052FBE /* GIOPageEventViewController.m */ = {isa = PBXFileReference; fileEncoding = 4; lastKnownFileType = sourcecode.c.objc; path = GIOPageEventViewController.m; sourceTree = "<group>"; };
		34083CF82914F7DA00052FBE /* GIOFirstViewController.m */ = {isa = PBXFileReference; fileEncoding = 4; lastKnownFileType = sourcecode.c.objc; path = GIOFirstViewController.m; sourceTree = "<group>"; };
		34083CF92914F7DA00052FBE /* GIOContainerViewController.m */ = {isa = PBXFileReference; fileEncoding = 4; lastKnownFileType = sourcecode.c.objc; path = GIOContainerViewController.m; sourceTree = "<group>"; };
		34083CFA2914F7DA00052FBE /* GIOSecondViewController.h */ = {isa = PBXFileReference; fileEncoding = 4; lastKnownFileType = sourcecode.c.h; path = GIOSecondViewController.h; sourceTree = "<group>"; };
		34083CFB2914F7DA00052FBE /* GIOPageEventViewController.h */ = {isa = PBXFileReference; fileEncoding = 4; lastKnownFileType = sourcecode.c.h; path = GIOPageEventViewController.h; sourceTree = "<group>"; };
		34083D372914F86900052FBE /* Base */ = {isa = PBXFileReference; lastKnownFileType = file.storyboard; name = Base; path = Base.lproj/LaunchScreen.storyboard; sourceTree = "<group>"; };
		34083D392914F86900052FBE /* Base */ = {isa = PBXFileReference; lastKnownFileType = file.storyboard; name = Base; path = Base.lproj/Main.storyboard; sourceTree = "<group>"; };
		3432E694276B36FA009A53D9 /* iAd.framework */ = {isa = PBXFileReference; lastKnownFileType = wrapper.framework; name = iAd.framework; path = System/Library/Frameworks/iAd.framework; sourceTree = SDKROOT; };
		3432E696276B3722009A53D9 /* AdServices.framework */ = {isa = PBXFileReference; lastKnownFileType = wrapper.framework; name = AdServices.framework; path = System/Library/Frameworks/AdServices.framework; sourceTree = SDKROOT; };
		35A5AD96C3ED4797EECD753A /* Pods_Example.framework */ = {isa = PBXFileReference; explicitFileType = wrapper.framework; includeInIndex = 0; path = Pods_Example.framework; sourceTree = BUILT_PRODUCTS_DIR; };
		491D2D8C2500E2D9001CB289 /* MapKit.framework */ = {isa = PBXFileReference; lastKnownFileType = wrapper.framework; name = MapKit.framework; path = System/Library/Frameworks/MapKit.framework; sourceTree = SDKROOT; };
		6003F58A195388D20070C39A /* Example.app */ = {isa = PBXFileReference; explicitFileType = wrapper.application; includeInIndex = 0; path = Example.app; sourceTree = BUILT_PRODUCTS_DIR; };
		6003F58D195388D20070C39A /* Foundation.framework */ = {isa = PBXFileReference; lastKnownFileType = wrapper.framework; name = Foundation.framework; path = System/Library/Frameworks/Foundation.framework; sourceTree = SDKROOT; };
		6003F58F195388D20070C39A /* CoreGraphics.framework */ = {isa = PBXFileReference; lastKnownFileType = wrapper.framework; name = CoreGraphics.framework; path = System/Library/Frameworks/CoreGraphics.framework; sourceTree = SDKROOT; };
		6003F591195388D20070C39A /* UIKit.framework */ = {isa = PBXFileReference; lastKnownFileType = wrapper.framework; name = UIKit.framework; path = System/Library/Frameworks/UIKit.framework; sourceTree = SDKROOT; };
		D3E8A25BC6AF8FFD2166FB68 /* Pods-Example.release.xcconfig */ = {isa = PBXFileReference; includeInIndex = 1; lastKnownFileType = text.xcconfig; name = "Pods-Example.release.xcconfig"; path = "../../Pods/Target Support Files/Pods-Example/Pods-Example.release.xcconfig"; sourceTree = "<group>"; };
/* End PBXFileReference section */

/* Begin PBXFrameworksBuildPhase section */
		6003F587195388D20070C39A /* Frameworks */ = {
			isa = PBXFrameworksBuildPhase;
			buildActionMask = 2147483647;
			files = (
				6003F590195388D20070C39A /* CoreGraphics.framework in Frameworks */,
				3432E697276B3722009A53D9 /* AdServices.framework in Frameworks */,
				6003F592195388D20070C39A /* UIKit.framework in Frameworks */,
				491D2D8D2500E2D9001CB289 /* MapKit.framework in Frameworks */,
				3432E695276B36FB009A53D9 /* iAd.framework in Frameworks */,
				6003F58E195388D20070C39A /* Foundation.framework in Frameworks */,
				04F675662628293800077374 /* AdSupport.framework in Frameworks */,
				2E7F36F30DD2A18CB56D7607 /* Pods_Example.framework in Frameworks */,
			);
			runOnlyForDeploymentPostprocessing = 0;
		};
/* End PBXFrameworksBuildPhase section */

/* Begin PBXGroup section */
		046530BA24DD4271002D254C /* Example */ = {
			isa = PBXGroup;
			children = (
				34083CBE2914F7D800052FBE /* Util */,
				34083C752914F7D500052FBE /* Storyboard */,
				34083CD02914F7DA00052FBE /* MeasurementProtocol */,
				34083C792914F7D500052FBE /* UICategoryTests */,
				34083CC72914F7D900052FBE /* Others */,
				34083CCF2914F7DA00052FBE /* AppDelegate.h */,
				34083CBA2914F7D700052FBE /* AppDelegate.m */,
				34083CBB2914F7D700052FBE /* Assets.xcassets */,
				34083CCD2914F7D900052FBE /* Example.entitlements */,
				34083CBC2914F7D800052FBE /* GrowingIO-Info.plist */,
				34083CBD2914F7D800052FBE /* GrowingIO-Prefix.pch */,
				34083D362914F86900052FBE /* LaunchScreen.storyboard */,
				34083CCE2914F7DA00052FBE /* main.m */,
				34083D382914F86900052FBE /* Main.storyboard */,
			);
			path = Example;
			sourceTree = "<group>";
		};
		34083C752914F7D500052FBE /* Storyboard */ = {
			isa = PBXGroup;
			children = (
				34083C772914F7D500052FBE /* MeasurementProtocol.storyboard */,
				34083C762914F7D500052FBE /* UICatalogTests.storyboard */,
				34083C782914F7D500052FBE /* Others.storyboard */,
			);
			path = Storyboard;
			sourceTree = "<group>";
		};
		34083C792914F7D500052FBE /* UICategoryTests */ = {
			isa = PBXGroup;
			children = (
				34083C882914F7D500052FBE /* GIOUICategoryViewController.h */,
				34083C842914F7D500052FBE /* GIOUICategoryViewController.m */,
				34083C852914F7D500052FBE /* Button&AlertView */,
				34083C812914F7D500052FBE /* TextFields */,
				34083C8C2914F7D500052FBE /* SimpleUIElements */,
				34083C9D2914F7D500052FBE /* AttributeLabel */,
				34083C7A2914F7D500052FBE /* CollectionView */,
				34083CA02914F7D500052FBE /* Banner&TableView */,
				34083C8F2914F7D500052FBE /* PageStructure */,
				34083C892914F7D500052FBE /* ActionSheets */,
				34083CAF2914F7D600052FBE /* Hybrid */,
				34083CAA2914F7D500052FBE /* H5Browser */,
			);
			path = UICategoryTests;
			sourceTree = "<group>";
		};
		34083C7A2914F7D500052FBE /* CollectionView */ = {
			isa = PBXGroup;
			children = (
				34083C802914F7D500052FBE /* GIOCollectionViewController.h */,
				34083C7B2914F7D500052FBE /* GIOCollectionViewController.m */,
				34083C7C2914F7D500052FBE /* View */,
			);
			path = CollectionView;
			sourceTree = "<group>";
		};
		34083C7C2914F7D500052FBE /* View */ = {
			isa = PBXGroup;
			children = (
				34083C7E2914F7D500052FBE /* GIOCollectionViewCell.xib */,
				34083C7F2914F7D500052FBE /* GIOCollectionViewCell.h */,
				34083C7D2914F7D500052FBE /* GIOCollectionViewCell.m */,
			);
			path = View;
			sourceTree = "<group>";
		};
		34083C812914F7D500052FBE /* TextFields */ = {
			isa = PBXGroup;
			children = (
				34083C832914F7D500052FBE /* GIOTextFieldViewController.h */,
				34083C822914F7D500052FBE /* GIOTextFieldViewController.m */,
			);
			path = TextFields;
			sourceTree = "<group>";
		};
		34083C852914F7D500052FBE /* Button&AlertView */ = {
			isa = PBXGroup;
			children = (
				34083C862914F7D500052FBE /* GIOButtonViewController.h */,
				34083C872914F7D500052FBE /* GIOButtonViewController.m */,
			);
			path = "Button&AlertView";
			sourceTree = "<group>";
		};
		34083C892914F7D500052FBE /* ActionSheets */ = {
			isa = PBXGroup;
			children = (
				34083C8B2914F7D500052FBE /* GIOActionSheetViewController.h */,
				34083C8A2914F7D500052FBE /* GIOActionSheetViewController.m */,
			);
			path = ActionSheets;
			sourceTree = "<group>";
		};
		34083C8C2914F7D500052FBE /* SimpleUIElements */ = {
			isa = PBXGroup;
			children = (
				34083C8E2914F7D500052FBE /* GIOSimpleUIElemtsViewController.h */,
				34083C8D2914F7D500052FBE /* GIOSimpleUIElemtsViewController.m */,
			);
			path = SimpleUIElements;
			sourceTree = "<group>";
		};
		34083C8F2914F7D500052FBE /* PageStructure */ = {
			isa = PBXGroup;
			children = (
				34083C912914F7D500052FBE /* GIOPageStructureViewController.h */,
				34083C972914F7D500052FBE /* GIOPageStructureViewController.m */,
				34083C962914F7D500052FBE /* GIOPresentViewController.h */,
				34083C902914F7D500052FBE /* GIOPresentViewController.m */,
				34083C932914F7D500052FBE /* GIOPagingViewController.h */,
				34083C9B2914F7D500052FBE /* GIOPagingViewController.m */,
				34083C992914F7D500052FBE /* GIOMultiViewController.h */,
				34083C952914F7D500052FBE /* GIOMultiViewController.m */,
				34083C942914F7D500052FBE /* GIOBaseViewController.h */,
				34083C9A2914F7D500052FBE /* GIOBaseViewController.m */,
				34083C922914F7D500052FBE /* GIOChildsAddViewController.h */,
				34083C982914F7D500052FBE /* GIOChildsAddViewController.m */,
				34083C9C2914F7D500052FBE /* GIOPageStructure.storyboard */,
			);
			path = PageStructure;
			sourceTree = "<group>";
		};
		34083C9D2914F7D500052FBE /* AttributeLabel */ = {
			isa = PBXGroup;
			children = (
				34083C9F2914F7D500052FBE /* GIOLabelAttributeViewController.h */,
				34083C9E2914F7D500052FBE /* GIOLabelAttributeViewController.m */,
			);
			path = AttributeLabel;
			sourceTree = "<group>";
		};
		34083CA02914F7D500052FBE /* Banner&TableView */ = {
			isa = PBXGroup;
			children = (
				34083CA12914F7D500052FBE /* GIOBannerAndTableViewController.h */,
				34083CA22914F7D500052FBE /* GIOBannerAndTableViewController.m */,
				34083CA32914F7D500052FBE /* View */,
			);
			path = "Banner&TableView";
			sourceTree = "<group>";
		};
		34083CA32914F7D500052FBE /* View */ = {
			isa = PBXGroup;
			children = (
				34083CA72914F7D500052FBE /* GIOFoodTableViewCell.xib */,
				34083CA62914F7D500052FBE /* GIOFoodTableViewCell.h */,
				34083CA42914F7D500052FBE /* GIOFoodTableViewCell.m */,
				34083CA92914F7D500052FBE /* GIOListTableViewCell.xib */,
				34083CA52914F7D500052FBE /* GIOListTableViewCell.h */,
				34083CA82914F7D500052FBE /* GIOListTableViewCell.m */,
			);
			path = View;
			sourceTree = "<group>";
		};
		34083CAA2914F7D500052FBE /* H5Browser */ = {
			isa = PBXGroup;
			children = (
				34083CAC2914F7D500052FBE /* GIOH5BrowserViewController.h */,
				34083CAE2914F7D600052FBE /* GIOH5BrowserViewController.m */,
				34083CAD2914F7D600052FBE /* GIODefaultWebViewController.h */,
				34083CAB2914F7D500052FBE /* GIODefaultWebViewController.m */,
			);
			path = H5Browser;
			sourceTree = "<group>";
		};
		34083CAF2914F7D600052FBE /* Hybrid */ = {
			isa = PBXGroup;
			children = (
				34083CB22914F7D600052FBE /* GIOHybridViewController.h */,
				34083CB12914F7D600052FBE /* GIOHybridViewController.m */,
				34083CB02914F7D600052FBE /* testweb copy.html */,
				34083CB32914F7D600052FBE /* gio_hybrideventtest.html */,
			);
			path = Hybrid;
			sourceTree = "<group>";
		};
		34083CBE2914F7D800052FBE /* Util */ = {
			isa = PBXGroup;
			children = (
				34083CC42914F7D800052FBE /* UIColor+Hex.h */,
				34083CC12914F7D800052FBE /* UIColor+Hex.m */,
				34083CC22914F7D800052FBE /* GIOScanViewController.h */,
				34083CC62914F7D800052FBE /* GIOScanViewController.m */,
				34083CC02914F7D800052FBE /* GIOConstants.h */,
				34083CC52914F7D800052FBE /* GIOConstants.m */,
				34083CBF2914F7D800052FBE /* GIODataProcessOperation.m */,
				34083CC32914F7D800052FBE /* GIODataProcessOperation.h */,
			);
			path = Util;
			sourceTree = "<group>";
		};
		34083CC72914F7D900052FBE /* Others */ = {
			isa = PBXGroup;
			children = (
				34083CC92914F7D900052FBE /* Crasher.h */,
				34083CCB2914F7D900052FBE /* Crasher.mm */,
				34083CC82914F7D900052FBE /* GIOCrashMonitorTableViewController.h */,
				34083CCA2914F7D900052FBE /* GIOCrashMonitorTableViewController.mm */,
			);
			path = Others;
			sourceTree = "<group>";
		};
		34083CD02914F7DA00052FBE /* MeasurementProtocol */ = {
			isa = PBXGroup;
			children = (
				34083CEB2914F7DA00052FBE /* GIOMeasurementProtocolTableViewController.h */,
				34083CD42914F7DA00052FBE /* GIOMeasurementProtocolTableViewController.m */,
				34083CF32914F7DA00052FBE /* PageEvent */,
				34083CD12914F7DA00052FBE /* VisitEvent */,
				34083CDB2914F7DA00052FBE /* ClickEvent */,
				34083CE52914F7DA00052FBE /* ViewChangeEvent */,
				34083CF02914F7DA00052FBE /* AttributesEvent */,
				34083CD52914F7DA00052FBE /* PageAttributesEvent */,
				34083CE82914F7DA00052FBE /* CustomEvent */,
				34083CD82914F7DA00052FBE /* UserId */,
				34083CDE2914F7DA00052FBE /* TrackTimer */,
				34083CEC2914F7DA00052FBE /* View */,
			);
			path = MeasurementProtocol;
			sourceTree = "<group>";
		};
		34083CD12914F7DA00052FBE /* VisitEvent */ = {
			isa = PBXGroup;
			children = (
				34083CD22914F7DA00052FBE /* GIOVisitEventViewController.h */,
				34083CD32914F7DA00052FBE /* GIOVisitEventViewController.m */,
			);
			path = VisitEvent;
			sourceTree = "<group>";
		};
		34083CD52914F7DA00052FBE /* PageAttributesEvent */ = {
			isa = PBXGroup;
			children = (
				34083CD62914F7DA00052FBE /* GIOPageAttributesEventViewController.h */,
				34083CD72914F7DA00052FBE /* GIOPageAttributesEventViewController.m */,
			);
			path = PageAttributesEvent;
			sourceTree = "<group>";
		};
		34083CD82914F7DA00052FBE /* UserId */ = {
			isa = PBXGroup;
			children = (
				34083CDA2914F7DA00052FBE /* GIOUserIdViewController.h */,
				34083CD92914F7DA00052FBE /* GIOUserIdViewController.m */,
			);
			path = UserId;
			sourceTree = "<group>";
		};
		34083CDB2914F7DA00052FBE /* ClickEvent */ = {
			isa = PBXGroup;
			children = (
				34083CDC2914F7DA00052FBE /* GIOClickEventViewController.h */,
				34083CDD2914F7DA00052FBE /* GIOClickEventViewController.m */,
			);
			path = ClickEvent;
			sourceTree = "<group>";
		};
		34083CDE2914F7DA00052FBE /* TrackTimer */ = {
			isa = PBXGroup;
			children = (
				34083CE02914F7DA00052FBE /* GIOTrackTimerEventViewController.h */,
				34083CDF2914F7DA00052FBE /* GIOTrackTimerEventViewController.m */,
				34083CE12914F7DA00052FBE /* View */,
			);
			path = TrackTimer;
			sourceTree = "<group>";
		};
		34083CE12914F7DA00052FBE /* View */ = {
			isa = PBXGroup;
			children = (
				34083CE22914F7DA00052FBE /* GIOTrackTimerTableViewCell.h */,
				34083CE32914F7DA00052FBE /* GIOTrackTimerTableViewCell.m */,
			);
			path = View;
			sourceTree = "<group>";
		};
		34083CE52914F7DA00052FBE /* ViewChangeEvent */ = {
			isa = PBXGroup;
			children = (
				34083CE62914F7DA00052FBE /* GIOInputChangeEventViewController.h */,
				34083CE72914F7DA00052FBE /* GIOInputChangeEventViewController.m */,
			);
			path = ViewChangeEvent;
			sourceTree = "<group>";
		};
		34083CE82914F7DA00052FBE /* CustomEvent */ = {
			isa = PBXGroup;
			children = (
				34083CEA2914F7DA00052FBE /* GIOCustomEventViewController.h */,
				34083CE92914F7DA00052FBE /* GIOCustomEventViewController.m */,
			);
			path = CustomEvent;
			sourceTree = "<group>";
		};
		34083CEC2914F7DA00052FBE /* View */ = {
			isa = PBXGroup;
			children = (
				34083CED2914F7DA00052FBE /* GIOKeyValueCell.xib */,
				34083CEE2914F7DA00052FBE /* GIOKeyValueCell.h */,
				34083CEF2914F7DA00052FBE /* GIOKeyValueCell.m */,
			);
			path = View;
			sourceTree = "<group>";
		};
		34083CF02914F7DA00052FBE /* AttributesEvent */ = {
			isa = PBXGroup;
			children = (
				34083CF12914F7DA00052FBE /* GIOAttributesTrackViewController.h */,
				34083CF22914F7DA00052FBE /* GIOAttributesTrackViewController.m */,
			);
			path = AttributesEvent;
			sourceTree = "<group>";
		};
		34083CF32914F7DA00052FBE /* PageEvent */ = {
			isa = PBXGroup;
			children = (
				34083CFB2914F7DA00052FBE /* GIOPageEventViewController.h */,
				34083CF72914F7DA00052FBE /* GIOPageEventViewController.m */,
				34083CF52914F7DA00052FBE /* GIOContainerViewController.h */,
				34083CF92914F7DA00052FBE /* GIOContainerViewController.m */,
				34083CF42914F7DA00052FBE /* GIOFirstViewController.h */,
				34083CF82914F7DA00052FBE /* GIOFirstViewController.m */,
				34083CFA2914F7DA00052FBE /* GIOSecondViewController.h */,
				34083CF62914F7DA00052FBE /* GIOSecondViewController.m */,
			);
			path = PageEvent;
			sourceTree = "<group>";
		};
		6003F581195388D10070C39A = {
			isa = PBXGroup;
			children = (
				046530BA24DD4271002D254C /* Example */,
				6003F58C195388D20070C39A /* Frameworks */,
				6003F58B195388D20070C39A /* Products */,
				7D103DEFD312B6151DF0F9EA /* Pods */,
			);
			sourceTree = "<group>";
		};
		6003F58B195388D20070C39A /* Products */ = {
			isa = PBXGroup;
			children = (
				6003F58A195388D20070C39A /* Example.app */,
			);
			name = Products;
			sourceTree = "<group>";
		};
		6003F58C195388D20070C39A /* Frameworks */ = {
			isa = PBXGroup;
			children = (
				3432E696276B3722009A53D9 /* AdServices.framework */,
				3432E694276B36FA009A53D9 /* iAd.framework */,
				04F675652628293800077374 /* AdSupport.framework */,
				491D2D8C2500E2D9001CB289 /* MapKit.framework */,
				6003F58D195388D20070C39A /* Foundation.framework */,
				6003F58F195388D20070C39A /* CoreGraphics.framework */,
				6003F591195388D20070C39A /* UIKit.framework */,
				35A5AD96C3ED4797EECD753A /* Pods_Example.framework */,
			);
			name = Frameworks;
			sourceTree = "<group>";
		};
		7D103DEFD312B6151DF0F9EA /* Pods */ = {
			isa = PBXGroup;
			children = (
				0AE64DF01D49EA6723D65481 /* Pods-Example.debug.xcconfig */,
				D3E8A25BC6AF8FFD2166FB68 /* Pods-Example.release.xcconfig */,
			);
			path = Pods;
			sourceTree = "<group>";
		};
/* End PBXGroup section */

/* Begin PBXNativeTarget section */
		6003F589195388D20070C39A /* Example */ = {
			isa = PBXNativeTarget;
			buildConfigurationList = 6003F5BF195388D20070C39A /* Build configuration list for PBXNativeTarget "Example" */;
			buildPhases = (
				2A7C46EEFC0BB9DBD506FF14 /* [CP] Check Pods Manifest.lock */,
				6003F586195388D20070C39A /* Sources */,
				6003F587195388D20070C39A /* Frameworks */,
				6003F588195388D20070C39A /* Resources */,
				B70F34CE06AB99FECB555EED /* [CP] Embed Pods Frameworks */,
			);
			buildRules = (
			);
			dependencies = (
			);
			name = Example;
			productName = GrowingIO;
			productReference = 6003F58A195388D20070C39A /* Example.app */;
			productType = "com.apple.product-type.application";
		};
/* End PBXNativeTarget section */

/* Begin PBXProject section */
		6003F582195388D10070C39A /* Project object */ = {
			isa = PBXProject;
			attributes = {
				CLASSPREFIX = Growing;
				LastUpgradeCheck = 0720;
				ORGANIZATIONNAME = GrowingIO;
				TargetAttributes = {
					04A6FAE624E4F0F4006C72F0 = {
						CreatedOnToolsVersion = 11.6;
						ProvisioningStyle = Automatic;
					};
					04A6FAEB24E50EE0006C72F0 = {
						CreatedOnToolsVersion = 11.6;
						ProvisioningStyle = Automatic;
					};
					6003F589195388D20070C39A = {
						DevelopmentTeam = SXBU677CPT;
						ProvisioningStyle = Automatic;
					};
				};
			};
			buildConfigurationList = 6003F585195388D10070C39A /* Build configuration list for PBXProject "Example" */;
			compatibilityVersion = "Xcode 3.2";
			developmentRegion = English;
			hasScannedForEncodings = 0;
			knownRegions = (
				English,
				en,
				Base,
			);
			mainGroup = 6003F581195388D10070C39A;
			productRefGroup = 6003F58B195388D20070C39A /* Products */;
			projectDirPath = "";
			projectRoot = "";
			targets = (
				6003F589195388D20070C39A /* Example */,
				04A6FAE624E4F0F4006C72F0 /* CodeCheck */,
				04A6FAEB24E50EE0006C72F0 /* CodeFormat */,
			);
		};
/* End PBXProject section */

/* Begin PBXResourcesBuildPhase section */
		6003F588195388D20070C39A /* Resources */ = {
			isa = PBXResourcesBuildPhase;
			buildActionMask = 2147483647;
			files = (
				34083D012914F7DB00052FBE /* GIOCollectionViewCell.xib in Resources */,
				34083D0D2914F7DB00052FBE /* GIOPageStructure.storyboard in Resources */,
				34083D182914F7DB00052FBE /* gio_hybrideventtest.html in Resources */,
				34083CFC2914F7DB00052FBE /* UICatalogTests.storyboard in Resources */,
				34083CFE2914F7DB00052FBE /* Others.storyboard in Resources */,
				34083CFD2914F7DB00052FBE /* MeasurementProtocol.storyboard in Resources */,
				34083D3B2914F86900052FBE /* Main.storyboard in Resources */,
				34083D3A2914F86900052FBE /* LaunchScreen.storyboard in Resources */,
				34083D162914F7DB00052FBE /* testweb copy.html in Resources */,
				34083D132914F7DB00052FBE /* GIOListTableViewCell.xib in Resources */,
				34083D1C2914F7DB00052FBE /* Assets.xcassets in Resources */,
				34083D112914F7DB00052FBE /* GIOFoodTableViewCell.xib in Resources */,
				34083D2F2914F7DB00052FBE /* GIOKeyValueCell.xib in Resources */,
			);
			runOnlyForDeploymentPostprocessing = 0;
		};
/* End PBXResourcesBuildPhase section */

/* Begin PBXShellScriptBuildPhase section */
		04A6FAEA24E4F0FB006C72F0 /* ShellScript */ = {
			isa = PBXShellScriptBuildPhase;
			buildActionMask = 2147483647;
			files = (
			);
			inputFileListPaths = (
			);
			inputPaths = (
			);
			outputFileListPaths = (
			);
			outputPaths = (
			);
			runOnlyForDeploymentPostprocessing = 0;
			shellPath = /bin/sh;
			shellScript = "##### 提交CI前自行检测代码 #####\n# 1.请提前使用Codeformat进行代码格式化\n# 2.执行此脚本前请先确保工程编译通过\n\ncd ${SRCROOT}/../Scripts\nsh code-checker.sh\n";
		};
		04A6FAEF24E50EE5006C72F0 /* ShellScript */ = {
			isa = PBXShellScriptBuildPhase;
			buildActionMask = 2147483647;
			files = (
			);
			inputFileListPaths = (
			);
			inputPaths = (
			);
			outputFileListPaths = (
			);
			outputPaths = (
			);
			runOnlyForDeploymentPostprocessing = 0;
			shellPath = /bin/sh;
			shellScript = "##### 代码格式化工具 #####\n# 使用clang-format格式化变动的代码\n# 代码规则见.clang-format\n\ncd ${SRCROOT}/../Scripts\nsh code-format.sh ${SRCROOT}/../\n";
		};
		2A7C46EEFC0BB9DBD506FF14 /* [CP] Check Pods Manifest.lock */ = {
			isa = PBXShellScriptBuildPhase;
			buildActionMask = 2147483647;
			files = (
			);
			inputFileListPaths = (
			);
			inputPaths = (
				"${PODS_PODFILE_DIR_PATH}/Podfile.lock",
				"${PODS_ROOT}/Manifest.lock",
			);
			name = "[CP] Check Pods Manifest.lock";
			outputFileListPaths = (
			);
			outputPaths = (
				"$(DERIVED_FILE_DIR)/Pods-Example-checkManifestLockResult.txt",
			);
			runOnlyForDeploymentPostprocessing = 0;
			shellPath = /bin/sh;
			shellScript = "diff \"${PODS_PODFILE_DIR_PATH}/Podfile.lock\" \"${PODS_ROOT}/Manifest.lock\" > /dev/null\nif [ $? != 0 ] ; then\n    # print error to STDERR\n    echo \"error: The sandbox is not in sync with the Podfile.lock. Run 'pod install' or update your CocoaPods installation.\" >&2\n    exit 1\nfi\n# This output is used by Xcode 'outputs' to avoid re-running this script phase.\necho \"SUCCESS\" > \"${SCRIPT_OUTPUT_FILE_0}\"\n";
			showEnvVarsInLog = 0;
		};
		B70F34CE06AB99FECB555EED /* [CP] Embed Pods Frameworks */ = {
			isa = PBXShellScriptBuildPhase;
			buildActionMask = 2147483647;
			files = (
			);
			inputPaths = (
				"${PODS_ROOT}/Target Support Files/Pods-Example/Pods-Example-frameworks.sh",
				"${BUILT_PRODUCTS_DIR}/GrowingAPM/GrowingAPM.framework",
				"${BUILT_PRODUCTS_DIR}/GrowingAnalytics/GrowingAnalytics.framework",
				"${BUILT_PRODUCTS_DIR}/GrowingToolsKit/GrowingToolsKit.framework",
				"${BUILT_PRODUCTS_DIR}/GrowingUtils/GrowingUtils.framework",
				"${BUILT_PRODUCTS_DIR}/LBXScan/LBXScan.framework",
				"${BUILT_PRODUCTS_DIR}/Protobuf/Protobuf.framework",
				"${BUILT_PRODUCTS_DIR}/SDCycleScrollView/SDCycleScrollView.framework",
				"${BUILT_PRODUCTS_DIR}/SDWebImage/SDWebImage.framework",
			);
			name = "[CP] Embed Pods Frameworks";
			outputPaths = (
				"${TARGET_BUILD_DIR}/${FRAMEWORKS_FOLDER_PATH}/GrowingAPM.framework",
				"${TARGET_BUILD_DIR}/${FRAMEWORKS_FOLDER_PATH}/GrowingAnalytics.framework",
				"${TARGET_BUILD_DIR}/${FRAMEWORKS_FOLDER_PATH}/GrowingToolsKit.framework",
				"${TARGET_BUILD_DIR}/${FRAMEWORKS_FOLDER_PATH}/GrowingUtils.framework",
				"${TARGET_BUILD_DIR}/${FRAMEWORKS_FOLDER_PATH}/LBXScan.framework",
				"${TARGET_BUILD_DIR}/${FRAMEWORKS_FOLDER_PATH}/Protobuf.framework",
				"${TARGET_BUILD_DIR}/${FRAMEWORKS_FOLDER_PATH}/SDCycleScrollView.framework",
				"${TARGET_BUILD_DIR}/${FRAMEWORKS_FOLDER_PATH}/SDWebImage.framework",
			);
			runOnlyForDeploymentPostprocessing = 0;
			shellPath = /bin/sh;
			shellScript = "\"${PODS_ROOT}/Target Support Files/Pods-Example/Pods-Example-frameworks.sh\"\n";
			showEnvVarsInLog = 0;
		};
/* End PBXShellScriptBuildPhase section */

/* Begin PBXSourcesBuildPhase section */
		6003F586195388D20070C39A /* Sources */ = {
			isa = PBXSourcesBuildPhase;
			buildActionMask = 2147483647;
			files = (
				34083D172914F7DB00052FBE /* GIOHybridViewController.m in Sources */,
				34083D1E2914F7DB00052FBE /* GIODataProcessOperation.m in Sources */,
				34083D2A2914F7DB00052FBE /* GIOClickEventViewController.m in Sources */,
				34083D052914F7DB00052FBE /* GIOActionSheetViewController.m in Sources */,
				34083D042914F7DB00052FBE /* GIOButtonViewController.m in Sources */,
				34083D282914F7DB00052FBE /* GIOPageAttributesEventViewController.m in Sources */,
				34083D252914F7DB00052FBE /* main.m in Sources */,
				34083D022914F7DB00052FBE /* GIOTextFieldViewController.m in Sources */,
				34083D062914F7DB00052FBE /* GIOSimpleUIElemtsViewController.m in Sources */,
				34083D2D2914F7DB00052FBE /* GIOInputChangeEventViewController.m in Sources */,
				34083D322914F7DB00052FBE /* GIOSecondViewController.m in Sources */,
				34083D072914F7DB00052FBE /* GIOPresentViewController.m in Sources */,
				34083D262914F7DB00052FBE /* GIOVisitEventViewController.m in Sources */,
				34083D212914F7DB00052FBE /* GIOScanViewController.m in Sources */,
				34083D342914F7DB00052FBE /* GIOFirstViewController.m in Sources */,
				34083D0C2914F7DB00052FBE /* GIOPagingViewController.m in Sources */,
				34083D272914F7DB00052FBE /* GIOMeasurementProtocolTableViewController.m in Sources */,
				34083D002914F7DB00052FBE /* GIOCollectionViewCell.m in Sources */,
				34083D1F2914F7DB00052FBE /* UIColor+Hex.m in Sources */,
				34083D2B2914F7DB00052FBE /* GIOTrackTimerEventViewController.m in Sources */,
				34083D152914F7DB00052FBE /* GIOH5BrowserViewController.m in Sources */,
				34083D2E2914F7DB00052FBE /* GIOCustomEventViewController.m in Sources */,
				34083D292914F7DB00052FBE /* GIOUserIdViewController.m in Sources */,
				34083D352914F7DB00052FBE /* GIOContainerViewController.m in Sources */,
				34083D0F2914F7DB00052FBE /* GIOBannerAndTableViewController.m in Sources */,
				34083D092914F7DB00052FBE /* GIOPageStructureViewController.m in Sources */,
				34083D122914F7DB00052FBE /* GIOListTableViewCell.m in Sources */,
				34083D082914F7DB00052FBE /* GIOMultiViewController.m in Sources */,
				34083D032914F7DB00052FBE /* GIOUICategoryViewController.m in Sources */,
				34083D102914F7DB00052FBE /* GIOFoodTableViewCell.m in Sources */,
				34083D332914F7DB00052FBE /* GIOPageEventViewController.m in Sources */,
				34083D0E2914F7DB00052FBE /* GIOLabelAttributeViewController.m in Sources */,
				34083D0A2914F7DB00052FBE /* GIOChildsAddViewController.m in Sources */,
				34083CFF2914F7DB00052FBE /* GIOCollectionViewController.m in Sources */,
				34083D2C2914F7DB00052FBE /* GIOTrackTimerTableViewCell.m in Sources */,
				34083D302914F7DB00052FBE /* GIOKeyValueCell.m in Sources */,
				34083D312914F7DB00052FBE /* GIOAttributesTrackViewController.m in Sources */,
				34083D0B2914F7DB00052FBE /* GIOBaseViewController.m in Sources */,
				34083D202914F7DB00052FBE /* GIOConstants.m in Sources */,
				34083D142914F7DB00052FBE /* GIODefaultWebViewController.m in Sources */,
				34083D1B2914F7DB00052FBE /* AppDelegate.m in Sources */,
			);
			runOnlyForDeploymentPostprocessing = 0;
		};
/* End PBXSourcesBuildPhase section */

/* Begin PBXVariantGroup section */
		34083D362914F86900052FBE /* LaunchScreen.storyboard */ = {
			isa = PBXVariantGroup;
			children = (
				34083D372914F86900052FBE /* Base */,
			);
			name = LaunchScreen.storyboard;
			sourceTree = "<group>";
		};
		34083D382914F86900052FBE /* Main.storyboard */ = {
			isa = PBXVariantGroup;
			children = (
				34083D392914F86900052FBE /* Base */,
			);
			name = Main.storyboard;
			sourceTree = "<group>";
		};
/* End PBXVariantGroup section */

/* Begin XCBuildConfiguration section */
		04A6FAE724E4F0F5006C72F0 /* Debug */ = {
			isa = XCBuildConfiguration;
			buildSettings = {
				CODE_SIGN_STYLE = Automatic;
				PRODUCT_NAME = "$(TARGET_NAME)";
			};
			name = Debug;
		};
		04A6FAE824E4F0F5006C72F0 /* Release */ = {
			isa = XCBuildConfiguration;
			buildSettings = {
				CODE_SIGN_STYLE = Automatic;
				PRODUCT_NAME = "$(TARGET_NAME)";
			};
			name = Release;
		};
		04A6FAED24E50EE0006C72F0 /* Debug */ = {
			isa = XCBuildConfiguration;
			buildSettings = {
				CODE_SIGN_STYLE = Automatic;
				PRODUCT_NAME = "$(TARGET_NAME)";
			};
			name = Debug;
		};
		04A6FAEE24E50EE0006C72F0 /* Release */ = {
			isa = XCBuildConfiguration;
			buildSettings = {
				CODE_SIGN_STYLE = Automatic;
				PRODUCT_NAME = "$(TARGET_NAME)";
			};
			name = Release;
		};
		6003F5BD195388D20070C39A /* Debug */ = {
			isa = XCBuildConfiguration;
			buildSettings = {
				ALWAYS_SEARCH_USER_PATHS = NO;
				CLANG_CXX_LANGUAGE_STANDARD = "gnu++0x";
				CLANG_CXX_LIBRARY = "libc++";
				CLANG_ENABLE_MODULES = YES;
				CLANG_ENABLE_OBJC_ARC = YES;
				CLANG_WARN_BOOL_CONVERSION = YES;
				CLANG_WARN_CONSTANT_CONVERSION = YES;
				CLANG_WARN_DIRECT_OBJC_ISA_USAGE = YES_ERROR;
				CLANG_WARN_EMPTY_BODY = YES;
				CLANG_WARN_ENUM_CONVERSION = YES;
				CLANG_WARN_INT_CONVERSION = YES;
				CLANG_WARN_OBJC_ROOT_CLASS = YES_ERROR;
				CLANG_WARN__DUPLICATE_METHOD_MATCH = YES;
				"CODE_SIGN_IDENTITY[sdk=iphoneos*]" = "iPhone Developer";
				COPY_PHASE_STRIP = NO;
				ENABLE_TESTABILITY = YES;
				GCC_C_LANGUAGE_STANDARD = gnu99;
				GCC_DYNAMIC_NO_PIC = NO;
				GCC_OPTIMIZATION_LEVEL = 0;
				GCC_PREPROCESSOR_DEFINITIONS = (
					"DEBUG=1",
					"$(inherited)",
				);
				GCC_SYMBOLS_PRIVATE_EXTERN = NO;
				GCC_WARN_64_TO_32_BIT_CONVERSION = YES;
				GCC_WARN_ABOUT_RETURN_TYPE = YES_ERROR;
				GCC_WARN_UNDECLARED_SELECTOR = YES;
				GCC_WARN_UNINITIALIZED_AUTOS = YES_AGGRESSIVE;
				GCC_WARN_UNUSED_FUNCTION = YES;
				GCC_WARN_UNUSED_VARIABLE = YES;
				IPHONEOS_DEPLOYMENT_TARGET = 11.0;
				ONLY_ACTIVE_ARCH = YES;
				SDKROOT = iphoneos;
				TARGETED_DEVICE_FAMILY = "1,2";
			};
			name = Debug;
		};
		6003F5BE195388D20070C39A /* Release */ = {
			isa = XCBuildConfiguration;
			buildSettings = {
				ALWAYS_SEARCH_USER_PATHS = NO;
				CLANG_CXX_LANGUAGE_STANDARD = "gnu++0x";
				CLANG_CXX_LIBRARY = "libc++";
				CLANG_ENABLE_MODULES = YES;
				CLANG_ENABLE_OBJC_ARC = YES;
				CLANG_WARN_BOOL_CONVERSION = YES;
				CLANG_WARN_CONSTANT_CONVERSION = YES;
				CLANG_WARN_DIRECT_OBJC_ISA_USAGE = YES_ERROR;
				CLANG_WARN_EMPTY_BODY = YES;
				CLANG_WARN_ENUM_CONVERSION = YES;
				CLANG_WARN_INT_CONVERSION = YES;
				CLANG_WARN_OBJC_ROOT_CLASS = YES_ERROR;
				CLANG_WARN__DUPLICATE_METHOD_MATCH = YES;
				"CODE_SIGN_IDENTITY[sdk=iphoneos*]" = "iPhone Developer";
				COPY_PHASE_STRIP = YES;
				ENABLE_NS_ASSERTIONS = NO;
				GCC_C_LANGUAGE_STANDARD = gnu99;
				GCC_WARN_64_TO_32_BIT_CONVERSION = YES;
				GCC_WARN_ABOUT_RETURN_TYPE = YES_ERROR;
				GCC_WARN_UNDECLARED_SELECTOR = YES;
				GCC_WARN_UNINITIALIZED_AUTOS = YES_AGGRESSIVE;
				GCC_WARN_UNUSED_FUNCTION = YES;
				GCC_WARN_UNUSED_VARIABLE = YES;
				IPHONEOS_DEPLOYMENT_TARGET = 11.0;
				SDKROOT = iphoneos;
				TARGETED_DEVICE_FAMILY = "1,2";
				VALIDATE_PRODUCT = YES;
			};
			name = Release;
		};
		6003F5C0195388D20070C39A /* Debug */ = {
			isa = XCBuildConfiguration;
			baseConfigurationReference = 0AE64DF01D49EA6723D65481 /* Pods-Example.debug.xcconfig */;
			buildSettings = {
				ASSETCATALOG_COMPILER_APPICON_NAME = AppIcon;
				CODE_SIGN_ENTITLEMENTS = Example/Example.entitlements;
				CODE_SIGN_IDENTITY = "Apple Development";
				CODE_SIGN_STYLE = Automatic;
				DEVELOPMENT_TEAM = SXBU677CPT;
				GCC_PRECOMPILE_PREFIX_HEADER = YES;
				GCC_PREFIX_HEADER = "Example/GrowingIO-Prefix.pch";
				INFOPLIST_FILE = "Example/GrowingIO-Info.plist";
				IPHONEOS_DEPLOYMENT_TARGET = 11.0;
				LD_RUNPATH_SEARCH_PATHS = "$(inherited) @executable_path/Frameworks";
				MODULE_NAME = ExampleApp;
				PRODUCT_BUNDLE_IDENTIFIER = "GrowingIO.GrowingIOTest-";
				PRODUCT_NAME = "$(TARGET_NAME)";
				PROVISIONING_PROFILE_SPECIFIER = "";
				SWIFT_VERSION = 4.0;
				WRAPPER_EXTENSION = app;
			};
			name = Debug;
		};
		6003F5C1195388D20070C39A /* Release */ = {
			isa = XCBuildConfiguration;
			baseConfigurationReference = D3E8A25BC6AF8FFD2166FB68 /* Pods-Example.release.xcconfig */;
			buildSettings = {
				ASSETCATALOG_COMPILER_APPICON_NAME = AppIcon;
				CODE_SIGN_ENTITLEMENTS = Example/Example.entitlements;
				CODE_SIGN_IDENTITY = "Apple Development";
				CODE_SIGN_STYLE = Automatic;
				DEVELOPMENT_TEAM = SXBU677CPT;
				GCC_PRECOMPILE_PREFIX_HEADER = YES;
				GCC_PREFIX_HEADER = "Example/GrowingIO-Prefix.pch";
				INFOPLIST_FILE = "Example/GrowingIO-Info.plist";
				IPHONEOS_DEPLOYMENT_TARGET = 11.0;
				LD_RUNPATH_SEARCH_PATHS = "$(inherited) @executable_path/Frameworks";
				MODULE_NAME = ExampleApp;
				PRODUCT_BUNDLE_IDENTIFIER = "GrowingIO.GrowingIOTest-";
				PRODUCT_NAME = "$(TARGET_NAME)";
				PROVISIONING_PROFILE_SPECIFIER = "";
				SWIFT_VERSION = 4.0;
				WRAPPER_EXTENSION = app;
			};
			name = Release;
		};
/* End XCBuildConfiguration section */

/* Begin XCConfigurationList section */
		04A6FAE924E4F0F5006C72F0 /* Build configuration list for PBXAggregateTarget "CodeCheck" */ = {
			isa = XCConfigurationList;
			buildConfigurations = (
				04A6FAE724E4F0F5006C72F0 /* Debug */,
				04A6FAE824E4F0F5006C72F0 /* Release */,
			);
			defaultConfigurationIsVisible = 0;
			defaultConfigurationName = Release;
		};
		04A6FAEC24E50EE0006C72F0 /* Build configuration list for PBXAggregateTarget "CodeFormat" */ = {
			isa = XCConfigurationList;
			buildConfigurations = (
				04A6FAED24E50EE0006C72F0 /* Debug */,
				04A6FAEE24E50EE0006C72F0 /* Release */,
			);
			defaultConfigurationIsVisible = 0;
			defaultConfigurationName = Release;
		};
		6003F585195388D10070C39A /* Build configuration list for PBXProject "Example" */ = {
			isa = XCConfigurationList;
			buildConfigurations = (
				6003F5BD195388D20070C39A /* Debug */,
				6003F5BE195388D20070C39A /* Release */,
			);
			defaultConfigurationIsVisible = 0;
			defaultConfigurationName = Release;
		};
		6003F5BF195388D20070C39A /* Build configuration list for PBXNativeTarget "Example" */ = {
			isa = XCConfigurationList;
			buildConfigurations = (
				6003F5C0195388D20070C39A /* Debug */,
				6003F5C1195388D20070C39A /* Release */,
			);
			defaultConfigurationIsVisible = 0;
			defaultConfigurationName = Release;
		};
/* End XCConfigurationList section */
	};
	rootObject = 6003F582195388D10070C39A /* Project object */;
}
